{
  "requires": true,
  "lockfileVersion": 1,
  "dependencies": {
    "@types/google-apps-script": {
      "version": "1.0.10",
      "resolved": "https://registry.npmjs.org/@types/google-apps-script/-/google-apps-script-1.0.10.tgz",
      "integrity": "sha512-j1R8imUMPZP/6O/lZnLwUrpAo991q7QhoauF1qtZSg5wwFnr3s950PTLwMYMNxibLjmomhcYUbeVixn1jJHswg=="
    }
  }
}
